// !$*UTF8*$!
{
	archiveVersion = 1;
	classes = {
	};
	objectVersion = 51;
	objects = {

/* Begin PBXBuildFile section */
		677A0DC82330C62500CB8B3A /* AppDelegate.swift in Sources */ = {isa = PBXBuildFile; fileRef = 677A0DC72330C62500CB8B3A /* AppDelegate.swift */; };
		677A0DD02330C62500CB8B3A /* webview.xcdatamodeld in Sources */ = {isa = PBXBuildFile; fileRef = 677A0DCE2330C62500CB8B3A /* webview.xcdatamodeld */; };
		677A0DD22330C62600CB8B3A /* Assets.xcassets in Resources */ = {isa = PBXBuildFile; fileRef = 677A0DD12330C62600CB8B3A /* Assets.xcassets */; };
		677A0DD52330C62600CB8B3A /* LaunchScreen.storyboard in Resources */ = {isa = PBXBuildFile; fileRef = 677A0DD32330C62600CB8B3A /* LaunchScreen.storyboard */; };
		677A0DDF2330C6A200CB8B3A /* ContainerController.swift in Sources */ = {isa = PBXBuildFile; fileRef = 677A0DDE2330C6A200CB8B3A /* ContainerController.swift */; };
		677A0DE12330C71600CB8B3A /* HomeController.swift in Sources */ = {isa = PBXBuildFile; fileRef = 677A0DE02330C71600CB8B3A /* HomeController.swift */; };
		677A0DE32330C73100CB8B3A /* MenuController.swift in Sources */ = {isa = PBXBuildFile; fileRef = 677A0DE22330C73000CB8B3A /* MenuController.swift */; };
		677A0DE52330C77400CB8B3A /* PasswordController.swift in Sources */ = {isa = PBXBuildFile; fileRef = 677A0DE42330C77400CB8B3A /* PasswordController.swift */; };
		677A0DE72330C78E00CB8B3A /* NotificationController.swift in Sources */ = {isa = PBXBuildFile; fileRef = 677A0DE62330C78E00CB8B3A /* NotificationController.swift */; };
		677A0DE92330C7A600CB8B3A /* ThemeController.swift in Sources */ = {isa = PBXBuildFile; fileRef = 677A0DE82330C7A600CB8B3A /* ThemeController.swift */; };
		677A0DEE2330C87800CB8B3A /* MenuOption.swift in Sources */ = {isa = PBXBuildFile; fileRef = 677A0DED2330C87800CB8B3A /* MenuOption.swift */; };
		677A0DF02330C89D00CB8B3A /* NotiificationModel.swift in Sources */ = {isa = PBXBuildFile; fileRef = 677A0DEF2330C89D00CB8B3A /* NotiificationModel.swift */; };
		677A0DF22330C96800CB8B3A /* Protocols.swift in Sources */ = {isa = PBXBuildFile; fileRef = 677A0DF12330C96800CB8B3A /* Protocols.swift */; };
		677A0DF42330C9EC00CB8B3A /* LockController.swift in Sources */ = {isa = PBXBuildFile; fileRef = 677A0DF32330C9EC00CB8B3A /* LockController.swift */; };
		677A0DF62330CAB500CB8B3A /* MenuOptionCell.swift in Sources */ = {isa = PBXBuildFile; fileRef = 677A0DF52330CAB500CB8B3A /* MenuOptionCell.swift */; };
		677A0DF92330CBCB00CB8B3A /* WebKit.framework in Frameworks */ = {isa = PBXBuildFile; fileRef = 677A0DF82330CBCB00CB8B3A /* WebKit.framework */; };
		677A0DFB2330CD3600CB8B3A /* GoogleService-Info.plist in Resources */ = {isa = PBXBuildFile; fileRef = 677A0DFA2330CD3600CB8B3A /* GoogleService-Info.plist */; };
		7913B28973D1A2ABE6EC84D7 /* Pods_webview.framework in Frameworks */ = {isa = PBXBuildFile; fileRef = 965986EE0206BA12D00EA8C1 /* Pods_webview.framework */; };
/* End PBXBuildFile section */

/* Begin PBXFileReference section */
		34821E5AE0D1815CCAC0418C /* Pods-webview.debug.xcconfig */ = {isa = PBXFileReference; includeInIndex = 1; lastKnownFileType = text.xcconfig; name = "Pods-webview.debug.xcconfig"; path = "Target Support Files/Pods-webview/Pods-webview.debug.xcconfig"; sourceTree = "<group>"; };
		4F1F53C8712016A6DAEC8420 /* Pods-webview.release.xcconfig */ = {isa = PBXFileReference; includeInIndex = 1; lastKnownFileType = text.xcconfig; name = "Pods-webview.release.xcconfig"; path = "Target Support Files/Pods-webview/Pods-webview.release.xcconfig"; sourceTree = "<group>"; };
		677A0DC42330C62500CB8B3A /* webview.app */ = {isa = PBXFileReference; explicitFileType = wrapper.application; includeInIndex = 0; path = webview.app; sourceTree = BUILT_PRODUCTS_DIR; };
		677A0DC72330C62500CB8B3A /* AppDelegate.swift */ = {isa = PBXFileReference; lastKnownFileType = sourcecode.swift; path = AppDelegate.swift; sourceTree = "<group>"; };
		677A0DCF2330C62500CB8B3A /* webview.xcdatamodel */ = {isa = PBXFileReference; lastKnownFileType = wrapper.xcdatamodel; path = webview.xcdatamodel; sourceTree = "<group>"; };
		677A0DD12330C62600CB8B3A /* Assets.xcassets */ = {isa = PBXFileReference; lastKnownFileType = folder.assetcatalog; path = Assets.xcassets; sourceTree = "<group>"; };
		677A0DD42330C62600CB8B3A /* Base */ = {isa = PBXFileReference; lastKnownFileType = file.storyboard; name = Base; path = Base.lproj/LaunchScreen.storyboard; sourceTree = "<group>"; };
		677A0DD62330C62600CB8B3A /* Info.plist */ = {isa = PBXFileReference; lastKnownFileType = text.plist.xml; path = Info.plist; sourceTree = "<group>"; };
		677A0DDE2330C6A200CB8B3A /* ContainerController.swift */ = {isa = PBXFileReference; lastKnownFileType = sourcecode.swift; path = ContainerController.swift; sourceTree = "<group>"; };
		677A0DE02330C71600CB8B3A /* HomeController.swift */ = {isa = PBXFileReference; lastKnownFileType = sourcecode.swift; path = HomeController.swift; sourceTree = "<group>"; };
		677A0DE22330C73000CB8B3A /* MenuController.swift */ = {isa = PBXFileReference; lastKnownFileType = sourcecode.swift; path = MenuController.swift; sourceTree = "<group>"; };
		677A0DE42330C77400CB8B3A /* PasswordController.swift */ = {isa = PBXFileReference; lastKnownFileType = sourcecode.swift; path = PasswordController.swift; sourceTree = "<group>"; };
		677A0DE62330C78E00CB8B3A /* NotificationController.swift */ = {isa = PBXFileReference; lastKnownFileType = sourcecode.swift; path = NotificationController.swift; sourceTree = "<group>"; };
		677A0DE82330C7A600CB8B3A /* ThemeController.swift */ = {isa = PBXFileReference; lastKnownFileType = sourcecode.swift; path = ThemeController.swift; sourceTree = "<group>"; };
		677A0DED2330C87800CB8B3A /* MenuOption.swift */ = {isa = PBXFileReference; lastKnownFileType = sourcecode.swift; path = MenuOption.swift; sourceTree = "<group>"; };
		677A0DEF2330C89D00CB8B3A /* NotiificationModel.swift */ = {isa = PBXFileReference; lastKnownFileType = sourcecode.swift; path = NotiificationModel.swift; sourceTree = "<group>"; };
		677A0DF12330C96800CB8B3A /* Protocols.swift */ = {isa = PBXFileReference; lastKnownFileType = sourcecode.swift; path = Protocols.swift; sourceTree = "<group>"; };
		677A0DF32330C9EC00CB8B3A /* LockController.swift */ = {isa = PBXFileReference; lastKnownFileType = sourcecode.swift; path = LockController.swift; sourceTree = "<group>"; };
		677A0DF52330CAB500CB8B3A /* MenuOptionCell.swift */ = {isa = PBXFileReference; lastKnownFileType = sourcecode.swift; path = MenuOptionCell.swift; sourceTree = "<group>"; };
		677A0DF82330CBCB00CB8B3A /* WebKit.framework */ = {isa = PBXFileReference; lastKnownFileType = wrapper.framework; name = WebKit.framework; path = System/Library/Frameworks/WebKit.framework; sourceTree = SDKROOT; };
		677A0DFA2330CD3600CB8B3A /* GoogleService-Info.plist */ = {isa = PBXFileReference; fileEncoding = 4; lastKnownFileType = text.plist.xml; path = "GoogleService-Info.plist"; sourceTree = "<group>"; };
		965986EE0206BA12D00EA8C1 /* Pods_webview.framework */ = {isa = PBXFileReference; explicitFileType = wrapper.framework; includeInIndex = 0; path = Pods_webview.framework; sourceTree = BUILT_PRODUCTS_DIR; };
/* End PBXFileReference section */

/* Begin PBXFrameworksBuildPhase section */
		677A0DC12330C62500CB8B3A /* Frameworks */ = {
			isa = PBXFrameworksBuildPhase;
			buildActionMask = 2147483647;
			files = (
				677A0DF92330CBCB00CB8B3A /* WebKit.framework in Frameworks */,
				7913B28973D1A2ABE6EC84D7 /* Pods_webview.framework in Frameworks */,
			);
			runOnlyForDeploymentPostprocessing = 0;
		};
/* End PBXFrameworksBuildPhase section */

/* Begin PBXGroup section */
		1286114283CC7359799FF67F /* Pods */ = {
			isa = PBXGroup;
			children = (
				34821E5AE0D1815CCAC0418C /* Pods-webview.debug.xcconfig */,
				4F1F53C8712016A6DAEC8420 /* Pods-webview.release.xcconfig */,
			);
			path = Pods;
			sourceTree = "<group>";
		};
		67231D4B2330EAEA006DF115 /* Data */ = {
			isa = PBXGroup;
			children = (
			);
			path = Data;
			sourceTree = "<group>";
		};
		677A0DBB2330C62500CB8B3A = {
			isa = PBXGroup;
			children = (
				677A0DC62330C62500CB8B3A /* webview */,
				677A0DC52330C62500CB8B3A /* Products */,
				677A0DF72330CBCB00CB8B3A /* Frameworks */,
				1286114283CC7359799FF67F /* Pods */,
			);
			sourceTree = "<group>";
		};
		677A0DC52330C62500CB8B3A /* Products */ = {
			isa = PBXGroup;
			children = (
				677A0DC42330C62500CB8B3A /* webview.app */,
			);
			name = Products;
			sourceTree = "<group>";
		};
		677A0DC62330C62500CB8B3A /* webview */ = {
			isa = PBXGroup;
			children = (
				67231D4B2330EAEA006DF115 /* Data */,
				677A0DEC2330C81100CB8B3A /* Utils */,
				677A0DEB2330C80A00CB8B3A /* Model */,
				677A0DEA2330C7FA00CB8B3A /* View */,
				677A0DDD2330C67000CB8B3A /* Controller */,
				677A0DC72330C62500CB8B3A /* AppDelegate.swift */,
				677A0DD12330C62600CB8B3A /* Assets.xcassets */,
				677A0DD32330C62600CB8B3A /* LaunchScreen.storyboard */,
				677A0DFA2330CD3600CB8B3A /* GoogleService-Info.plist */,
				677A0DD62330C62600CB8B3A /* Info.plist */,
				677A0DCE2330C62500CB8B3A /* webview.xcdatamodeld */,
			);
			path = webview;
			sourceTree = "<group>";
		};
		677A0DDD2330C67000CB8B3A /* Controller */ = {
			isa = PBXGroup;
			children = (
				677A0DDE2330C6A200CB8B3A /* ContainerController.swift */,
				677A0DE02330C71600CB8B3A /* HomeController.swift */,
				677A0DE22330C73000CB8B3A /* MenuController.swift */,
				677A0DE42330C77400CB8B3A /* PasswordController.swift */,
				677A0DE62330C78E00CB8B3A /* NotificationController.swift */,
				677A0DE82330C7A600CB8B3A /* ThemeController.swift */,
				677A0DF32330C9EC00CB8B3A /* LockController.swift */,
			);
			path = Controller;
			sourceTree = "<group>";
		};
		677A0DEA2330C7FA00CB8B3A /* View */ = {
			isa = PBXGroup;
			children = (
				677A0DF52330CAB500CB8B3A /* MenuOptionCell.swift */,
			);
			path = View;
			sourceTree = "<group>";
		};
		677A0DEB2330C80A00CB8B3A /* Model */ = {
			isa = PBXGroup;
			children = (
				677A0DED2330C87800CB8B3A /* MenuOption.swift */,
				677A0DEF2330C89D00CB8B3A /* NotiificationModel.swift */,
			);
			path = Model;
			sourceTree = "<group>";
		};
		677A0DEC2330C81100CB8B3A /* Utils */ = {
			isa = PBXGroup;
			children = (
				677A0DF12330C96800CB8B3A /* Protocols.swift */,
			);
			path = Utils;
			sourceTree = "<group>";
		};
		677A0DF72330CBCB00CB8B3A /* Frameworks */ = {
			isa = PBXGroup;
			children = (
				677A0DF82330CBCB00CB8B3A /* WebKit.framework */,
				965986EE0206BA12D00EA8C1 /* Pods_webview.framework */,
			);
			name = Frameworks;
			sourceTree = "<group>";
		};
/* End PBXGroup section */

/* Begin PBXNativeTarget section */
		677A0DC32330C62500CB8B3A /* webview */ = {
			isa = PBXNativeTarget;
			buildConfigurationList = 677A0DD92330C62600CB8B3A /* Build configuration list for PBXNativeTarget "webview" */;
			buildPhases = (
				97BE1BBEBD4C7A97CDEF2A0F /* [CP] Check Pods Manifest.lock */,
				677A0DC02330C62500CB8B3A /* Sources */,
				677A0DC12330C62500CB8B3A /* Frameworks */,
				677A0DC22330C62500CB8B3A /* Resources */,
				523997E33B9C104B7E593909 /* [CP] Embed Pods Frameworks */,
			);
			buildRules = (
			);
			dependencies = (
			);
			name = webview;
			productName = webview;
			productReference = 677A0DC42330C62500CB8B3A /* webview.app */;
			productType = "com.apple.product-type.application";
		};
/* End PBXNativeTarget section */

/* Begin PBXProject section */
		677A0DBC2330C62500CB8B3A /* Project object */ = {
			isa = PBXProject;
			attributes = {
				LastSwiftUpdateCheck = 1030;
				LastUpgradeCheck = 1030;
				ORGANIZATIONNAME = "burak mestan";
				TargetAttributes = {
					677A0DC32330C62500CB8B3A = {
						CreatedOnToolsVersion = 10.3;
					};
				};
			};
			buildConfigurationList = 677A0DBF2330C62500CB8B3A /* Build configuration list for PBXProject "webview" */;
			compatibilityVersion = "Xcode 9.3";
			developmentRegion = en;
			hasScannedForEncodings = 0;
			knownRegions = (
				en,
				Base,
			);
			mainGroup = 677A0DBB2330C62500CB8B3A;
			productRefGroup = 677A0DC52330C62500CB8B3A /* Products */;
			projectDirPath = "";
			projectRoot = "";
			targets = (
				677A0DC32330C62500CB8B3A /* webview */,
			);
		};
/* End PBXProject section */

/* Begin PBXResourcesBuildPhase section */
		677A0DC22330C62500CB8B3A /* Resources */ = {
			isa = PBXResourcesBuildPhase;
			buildActionMask = 2147483647;
			files = (
				677A0DD52330C62600CB8B3A /* LaunchScreen.storyboard in Resources */,
				677A0DD22330C62600CB8B3A /* Assets.xcassets in Resources */,
				677A0DFB2330CD3600CB8B3A /* GoogleService-Info.plist in Resources */,
			);
			runOnlyForDeploymentPostprocessing = 0;
		};
/* End PBXResourcesBuildPhase section */

/* Begin PBXShellScriptBuildPhase section */
		523997E33B9C104B7E593909 /* [CP] Embed Pods Frameworks */ = {
			isa = PBXShellScriptBuildPhase;
			buildActionMask = 2147483647;
			files = (
			);
			inputFileListPaths = (
				"${PODS_ROOT}/Target Support Files/Pods-webview/Pods-webview-frameworks-${CONFIGURATION}-input-files.xcfilelist",
			);
			name = "[CP] Embed Pods Frameworks";
			outputFileListPaths = (
				"${PODS_ROOT}/Target Support Files/Pods-webview/Pods-webview-frameworks-${CONFIGURATION}-output-files.xcfilelist",
			);
			runOnlyForDeploymentPostprocessing = 0;
			shellPath = /bin/sh;
			shellScript = "\"${PODS_ROOT}/Target Support Files/Pods-webview/Pods-webview-frameworks.sh\"\n";
			showEnvVarsInLog = 0;
		};
		97BE1BBEBD4C7A97CDEF2A0F /* [CP] Check Pods Manifest.lock */ = {
			isa = PBXShellScriptBuildPhase;
			buildActionMask = 2147483647;
			files = (
			);
			inputFileListPaths = (
			);
			inputPaths = (
				"${PODS_PODFILE_DIR_PATH}/Podfile.lock",
				"${PODS_ROOT}/Manifest.lock",
			);
			name = "[CP] Check Pods Manifest.lock";
			outputFileListPaths = (
			);
			outputPaths = (
				"$(DERIVED_FILE_DIR)/Pods-webview-checkManifestLockResult.txt",
			);
			runOnlyForDeploymentPostprocessing = 0;
			shellPath = /bin/sh;
			shellScript = "diff \"${PODS_PODFILE_DIR_PATH}/Podfile.lock\" \"${PODS_ROOT}/Manifest.lock\" > /dev/null\nif [ $? != 0 ] ; then\n    # print error to STDERR\n    echo \"error: The sandbox is not in sync with the Podfile.lock. Run 'pod install' or update your CocoaPods installation.\" >&2\n    exit 1\nfi\n# This output is used by Xcode 'outputs' to avoid re-running this script phase.\necho \"SUCCESS\" > \"${SCRIPT_OUTPUT_FILE_0}\"\n";
			showEnvVarsInLog = 0;
		};
/* End PBXShellScriptBuildPhase section */

/* Begin PBXSourcesBuildPhase section */
		677A0DC02330C62500CB8B3A /* Sources */ = {
			isa = PBXSourcesBuildPhase;
			buildActionMask = 2147483647;
			files = (
				677A0DE52330C77400CB8B3A /* PasswordController.swift in Sources */,
				677A0DE72330C78E00CB8B3A /* NotificationController.swift in Sources */,
				677A0DC82330C62500CB8B3A /* AppDelegate.swift in Sources */,
				677A0DF22330C96800CB8B3A /* Protocols.swift in Sources */,
				677A0DF42330C9EC00CB8B3A /* LockController.swift in Sources */,
				677A0DD02330C62500CB8B3A /* webview.xcdatamodeld in Sources */,
				677A0DF02330C89D00CB8B3A /* NotiificationModel.swift in Sources */,
				677A0DEE2330C87800CB8B3A /* MenuOption.swift in Sources */,
				677A0DF62330CAB500CB8B3A /* MenuOptionCell.swift in Sources */,
				677A0DDF2330C6A200CB8B3A /* ContainerController.swift in Sources */,
				677A0DE32330C73100CB8B3A /* MenuController.swift in Sources */,
				677A0DE12330C71600CB8B3A /* HomeController.swift in Sources */,
				677A0DE92330C7A600CB8B3A /* ThemeController.swift in Sources */,
			);
			runOnlyForDeploymentPostprocessing = 0;
		};
/* End PBXSourcesBuildPhase section */

/* Begin PBXVariantGroup section */
		677A0DD32330C62600CB8B3A /* LaunchScreen.storyboard */ = {
			isa = PBXVariantGroup;
			children = (
				677A0DD42330C62600CB8B3A /* Base */,
			);
			name = LaunchScreen.storyboard;
			sourceTree = "<group>";
		};
/* End PBXVariantGroup section */

/* Begin XCBuildConfiguration section */
		677A0DD72330C62600CB8B3A /* Debug */ = {
			isa = XCBuildConfiguration;
			buildSettings = {
				ALWAYS_SEARCH_USER_PATHS = NO;
				CLANG_ANALYZER_NONNULL = YES;
				CLANG_ANALYZER_NUMBER_OBJECT_CONVERSION = YES_AGGRESSIVE;
				CLANG_CXX_LANGUAGE_STANDARD = "gnu++14";
				CLANG_CXX_LIBRARY = "libc++";
				CLANG_ENABLE_MODULES = YES;
				CLANG_ENABLE_OBJC_ARC = YES;
				CLANG_ENABLE_OBJC_WEAK = YES;
				CLANG_WARN_BLOCK_CAPTURE_AUTORELEASING = YES;
				CLANG_WARN_BOOL_CONVERSION = YES;
				CLANG_WARN_COMMA = YES;
				CLANG_WARN_CONSTANT_CONVERSION = YES;
				CLANG_WARN_DEPRECATED_OBJC_IMPLEMENTATIONS = YES;
				CLANG_WARN_DIRECT_OBJC_ISA_USAGE = YES_ERROR;
				CLANG_WARN_DOCUMENTATION_COMMENTS = YES;
				CLANG_WARN_EMPTY_BODY = YES;
				CLANG_WARN_ENUM_CONVERSION = YES;
				CLANG_WARN_INFINITE_RECURSION = YES;
				CLANG_WARN_INT_CONVERSION = YES;
				CLANG_WARN_NON_LITERAL_NULL_CONVERSION = YES;
				CLANG_WARN_OBJC_IMPLICIT_RETAIN_SELF = YES;
				CLANG_WARN_OBJC_LITERAL_CONVERSION = YES;
				CLANG_WARN_OBJC_ROOT_CLASS = YES_ERROR;
				CLANG_WARN_RANGE_LOOP_ANALYSIS = YES;
				CLANG_WARN_STRICT_PROTOTYPES = YES;
				CLANG_WARN_SUSPICIOUS_MOVE = YES;
				CLANG_WARN_UNGUARDED_AVAILABILITY = YES_AGGRESSIVE;
				CLANG_WARN_UNREACHABLE_CODE = YES;
				CLANG_WARN__DUPLICATE_METHOD_MATCH = YES;
				CODE_SIGN_IDENTITY = "iPhone Developer";
				COPY_PHASE_STRIP = NO;
				DEBUG_INFORMATION_FORMAT = dwarf;
				ENABLE_STRICT_OBJC_MSGSEND = YES;
				ENABLE_TESTABILITY = YES;
				GCC_C_LANGUAGE_STANDARD = gnu11;
				GCC_DYNAMIC_NO_PIC = NO;
				GCC_NO_COMMON_BLOCKS = YES;
				GCC_OPTIMIZATION_LEVEL = 0;
				GCC_PREPROCESSOR_DEFINITIONS = (
					"DEBUG=1",
					"$(inherited)",
				);
				GCC_WARN_64_TO_32_BIT_CONVERSION = YES;
				GCC_WARN_ABOUT_RETURN_TYPE = YES_ERROR;
				GCC_WARN_UNDECLARED_SELECTOR = YES;
				GCC_WARN_UNINITIALIZED_AUTOS = YES_AGGRESSIVE;
				GCC_WARN_UNUSED_FUNCTION = YES;
				GCC_WARN_UNUSED_VARIABLE = YES;
				IPHONEOS_DEPLOYMENT_TARGET = 12.4;
				MTL_ENABLE_DEBUG_INFO = INCLUDE_SOURCE;
				MTL_FAST_MATH = YES;
				ONLY_ACTIVE_ARCH = YES;
				SDKROOT = iphoneos;
				SWIFT_ACTIVE_COMPILATION_CONDITIONS = DEBUG;
				SWIFT_OPTIMIZATION_LEVEL = "-Onone";
			};
			name = Debug;
		};
		677A0DD82330C62600CB8B3A /* Release */ = {
			isa = XCBuildConfiguration;
			buildSettings = {
				ALWAYS_SEARCH_USER_PATHS = NO;
				CLANG_ANALYZER_NONNULL = YES;
				CLANG_ANALYZER_NUMBER_OBJECT_CONVERSION = YES_AGGRESSIVE;
				CLANG_CXX_LANGUAGE_STANDARD = "gnu++14";
				CLANG_CXX_LIBRARY = "libc++";
				CLANG_ENABLE_MODULES = YES;
				CLANG_ENABLE_OBJC_ARC = YES;
				CLANG_ENABLE_OBJC_WEAK = YES;
				CLANG_WARN_BLOCK_CAPTURE_AUTORELEASING = YES;
				CLANG_WARN_BOOL_CONVERSION = YES;
				CLANG_WARN_COMMA = YES;
				CLANG_WARN_CONSTANT_CONVERSION = YES;
				CLANG_WARN_DEPRECATED_OBJC_IMPLEMENTATIONS = YES;
				CLANG_WARN_DIRECT_OBJC_ISA_USAGE = YES_ERROR;
				CLANG_WARN_DOCUMENTATION_COMMENTS = YES;
				CLANG_WARN_EMPTY_BODY = YES;
				CLANG_WARN_ENUM_CONVERSION = YES;
				CLANG_WARN_INFINITE_RECURSION = YES;
				CLANG_WARN_INT_CONVERSION = YES;
				CLANG_WARN_NON_LITERAL_NULL_CONVERSION = YES;
				CLANG_WARN_OBJC_IMPLICIT_RETAIN_SELF = YES;
				CLANG_WARN_OBJC_LITERAL_CONVERSION = YES;
				CLANG_WARN_OBJC_ROOT_CLASS = YES_ERROR;
				CLANG_WARN_RANGE_LOOP_ANALYSIS = YES;
				CLANG_WARN_STRICT_PROTOTYPES = YES;
				CLANG_WARN_SUSPICIOUS_MOVE = YES;
				CLANG_WARN_UNGUARDED_AVAILABILITY = YES_AGGRESSIVE;
				CLANG_WARN_UNREACHABLE_CODE = YES;
				CLANG_WARN__DUPLICATE_METHOD_MATCH = YES;
				CODE_SIGN_IDENTITY = "iPhone Developer";
				COPY_PHASE_STRIP = NO;
				DEBUG_INFORMATION_FORMAT = "dwarf-with-dsym";
				ENABLE_NS_ASSERTIONS = NO;
				ENABLE_STRICT_OBJC_MSGSEND = YES;
				GCC_C_LANGUAGE_STANDARD = gnu11;
				GCC_NO_COMMON_BLOCKS = YES;
				GCC_WARN_64_TO_32_BIT_CONVERSION = YES;
				GCC_WARN_ABOUT_RETURN_TYPE = YES_ERROR;
				GCC_WARN_UNDECLARED_SELECTOR = YES;
				GCC_WARN_UNINITIALIZED_AUTOS = YES_AGGRESSIVE;
				GCC_WARN_UNUSED_FUNCTION = YES;
				GCC_WARN_UNUSED_VARIABLE = YES;
				IPHONEOS_DEPLOYMENT_TARGET = 12.4;
				MTL_ENABLE_DEBUG_INFO = NO;
				MTL_FAST_MATH = YES;
				SDKROOT = iphoneos;
				SWIFT_COMPILATION_MODE = wholemodule;
				SWIFT_OPTIMIZATION_LEVEL = "-O";
				VALIDATE_PRODUCT = YES;
			};
			name = Release;
		};
		677A0DDA2330C62600CB8B3A /* Debug */ = {
			isa = XCBuildConfiguration;
			baseConfigurationReference = 34821E5AE0D1815CCAC0418C /* Pods-webview.debug.xcconfig */;
			buildSettings = {
				ASSETCATALOG_COMPILER_APPICON_NAME = AppIcon;
				CODE_SIGN_STYLE = Automatic;
				INFOPLIST_FILE = webview/Info.plist;
				LD_RUNPATH_SEARCH_PATHS = (
					"$(inherited)",
					"@executable_path/Frameworks",
				);
				PRODUCT_BUNDLE_IDENTIFIER = com.link.webview;
				PRODUCT_NAME = "$(TARGET_NAME)";
				SWIFT_VERSION = 5.0;
				TARGETED_DEVICE_FAMILY = "1,2";
			};
			name = Debug;
		};
		677A0DDB2330C62600CB8B3A /* Release */ = {
			isa = XCBuildConfiguration;
			baseConfigurationReference = 4F1F53C8712016A6DAEC8420 /* Pods-webview.release.xcconfig */;
			buildSettings = {
				ASSETCATALOG_COMPILER_APPICON_NAME = AppIcon;
				CODE_SIGN_STYLE = Automatic;
				INFOPLIST_FILE = webview/Info.plist;
				LD_RUNPATH_SEARCH_PATHS = (
					"$(inherited)",
					"@executable_path/Frameworks",
				);
				PRODUCT_BUNDLE_IDENTIFIER = com.link.webview;
				PRODUCT_NAME = "$(TARGET_NAME)";
				SWIFT_VERSION = 5.0;
				TARGETED_DEVICE_FAMILY = "1,2";
			};
			name = Release;
		};
/* End XCBuildConfiguration section */

/* Begin XCConfigurationList section */
		677A0DBF2330C62500CB8B3A /* Build configuration list for PBXProject "webview" */ = {
			isa = XCConfigurationList;
			buildConfigurations = (
				677A0DD72330C62600CB8B3A /* Debug */,
				677A0DD82330C62600CB8B3A /* Release */,
			);
			defaultConfigurationIsVisible = 0;
			defaultConfigurationName = Release;
		};
		677A0DD92330C62600CB8B3A /* Build configuration list for PBXNativeTarget "webview" */ = {
			isa = XCConfigurationList;
			buildConfigurations = (
				677A0DDA2330C62600CB8B3A /* Debug */,
				677A0DDB2330C62600CB8B3A /* Release */,
			);
			defaultConfigurationIsVisible = 0;
			defaultConfigurationName = Release;
		};
/* End XCConfigurationList section */

/* Begin XCVersionGroup section */
		677A0DCE2330C62500CB8B3A /* webview.xcdatamodeld */ = {
			isa = XCVersionGroup;
			children = (
				677A0DCF2330C62500CB8B3A /* webview.xcdatamodel */,
			);
			currentVersion = 677A0DCF2330C62500CB8B3A /* webview.xcdatamodel */;
			path = webview.xcdatamodeld;
			sourceTree = "<group>";
			versionGroupType = wrapper.xcdatamodel;
		};
/* End XCVersionGroup section */
	};
	rootObject = 677A0DBC2330C62500CB8B3A /* Project object */;
}
